{
  "originHash" : "56076c710c8b56163c0173b13142f536082c0b71115cae21031ad6b920d0f792",
  "pins" : [
    {
      "identity" : "ephemeralmapannotations",
      "kind" : "remoteSourceControl",
      "location" : "https://github.com/tomhoag/EphemeralMapAnnotations",
      "state" : {
        "revision" : "c36ee16b8804f703a464dab8b5d6e93e39786d34",
        "version" : "0.1.0"
      }
    },
    {
      "identity" : "michigancities",
      "kind" : "remoteSourceControl",
      "location" : "https://github.com/tomhoag/MichiganCities",
      "state" : {
        "branch" : "main",
        "revision" : "fec139b14d836684ab575497d8073b28ac2e674c"
      }
    }
  ],
  "version" : 3
}
